
Microsoft Visual Studio Solution File, Format Version 12.00
# Visual Studio Version 16
VisualStudioVersion = 16.0.31613.86
MinimumVisualStudioVersion = 10.0.40219.1
Project("{FAE04EC0-301F-11D3-BF4B-00C04F79EFBC}") = "AreaOfCircle", "AreaOfCircle\AreaOfCircle.csproj", "{025F4861-B78A-487B-AA30-7408F19C5377}"
EndProject
Global
	GlobalSection(SolutionConfigurationPlatforms) = preSolution
		Debug|Any CPU = Debug|Any CPU
		Release|Any CPU = Release|Any CPU
	EndGlobalSection
	GlobalSection(ProjectConfigurationPlatforms) = postSolution
		{025F4861-B78A-487B-AA30-7408F19C5377}.Debug|Any CPU.ActiveCfg = Debug|Any CPU
		{025F4861-B78A-487B-AA30-7408F19C5377}.Debug|Any CPU.Build.0 = Debug|Any CPU
		{025F4861-B78A-487B-AA30-7408F19C5377}.Release|Any CPU.ActiveCfg = Release|Any CPU
		{025F4861-B78A-487B-AA30-7408F19C5377}.Release|Any CPU.Build.0 = Release|Any CPU
	EndGlobalSection
	GlobalSection(SolutionProperties) = preSolution
		HideSolutionNode = FALSE
	EndGlobalSection
	GlobalSection(ExtensibilityGlobals) = postSolution
		SolutionGuid = {B64AA826-597E-4280-8B7F-9688DF4F7F92}
	EndGlobalSection
EndGlobal
