
Microsoft Visual Studio Solution File, Format Version 12.00
# Visual Studio Version 16
VisualStudioVersion = 16.0.31613.86
MinimumVisualStudioVersion = 10.0.40219.1
Project("{FAE04EC0-301F-11D3-BF4B-00C04F79EFBC}") = "HelloWorld", "HelloWorld\HelloWorld.csproj", "{448CDC39-AC9E-4702-ABA8-1459799EAA7D}"
EndProject
Project("{FAE04EC0-301F-11D3-BF4B-00C04F79EFBC}") = "HelloMohamed", "HelloMohamed\HelloMohamed.csproj", "{97EBD65C-3FC3-46E0-BDF4-4DFCC437AA96}"
EndProject
Global
	GlobalSection(SolutionConfigurationPlatforms) = preSolution
		Debug|Any CPU = Debug|Any CPU
		Release|Any CPU = Release|Any CPU
	EndGlobalSection
	GlobalSection(ProjectConfigurationPlatforms) = postSolution
		{448CDC39-AC9E-4702-ABA8-1459799EAA7D}.Debug|Any CPU.ActiveCfg = Debug|Any CPU
		{448CDC39-AC9E-4702-ABA8-1459799EAA7D}.Debug|Any CPU.Build.0 = Debug|Any CPU
		{448CDC39-AC9E-4702-ABA8-1459799EAA7D}.Release|Any CPU.ActiveCfg = Release|Any CPU
		{448CDC39-AC9E-4702-ABA8-1459799EAA7D}.Release|Any CPU.Build.0 = Release|Any CPU
		{97EBD65C-3FC3-46E0-BDF4-4DFCC437AA96}.Debug|Any CPU.ActiveCfg = Debug|Any CPU
		{97EBD65C-3FC3-46E0-BDF4-4DFCC437AA96}.Debug|Any CPU.Build.0 = Debug|Any CPU
		{97EBD65C-3FC3-46E0-BDF4-4DFCC437AA96}.Release|Any CPU.ActiveCfg = Release|Any CPU
		{97EBD65C-3FC3-46E0-BDF4-4DFCC437AA96}.Release|Any CPU.Build.0 = Release|Any CPU
	EndGlobalSection
	GlobalSection(SolutionProperties) = preSolution
		HideSolutionNode = FALSE
	EndGlobalSection
	GlobalSection(ExtensibilityGlobals) = postSolution
		SolutionGuid = {749E383F-A974-41EB-873D-78681F4AAE6B}
	EndGlobalSection
EndGlobal
